// !$*UTF8*$!
{
	archiveVersion = 1;
	classes = {
	};
	objectVersion = 50;
	objects = {

/* Begin PBXBuildFile section */
		061BD02C26260B4300D9927B /* AppDelegate.m in Sources */ = {isa = PBXBuildFile; fileRef = 061BD02B26260B4300D9927B /* AppDelegate.m */; };
		061BD02F26260B4300D9927B /* ViewController.m in Sources */ = {isa = PBXBuildFile; fileRef = 061BD02E26260B4300D9927B /* ViewController.m */; };
		061BD03126260B4500D9927B /* Assets.xcassets in Resources */ = {isa = PBXBuildFile; fileRef = 061BD03026260B4500D9927B /* Assets.xcassets */; };
		061BD03426260B4500D9927B /* Main.storyboard in Resources */ = {isa = PBXBuildFile; fileRef = 061BD03226260B4500D9927B /* Main.storyboard */; };
		061BD03726260B4500D9927B /* main.m in Sources */ = {isa = PBXBuildFile; fileRef = 061BD03626260B4500D9927B /* main.m */; };
		061BD04026265EBD00D9927B /* shaders.metal in Sources */ = {isa = PBXBuildFile; fileRef = 061BD03F26265EBD00D9927B /* shaders.metal */; };
/* End PBXBuildFile section */

/* Begin PBXFileReference section */
		061BD02726260B4300D9927B /* objc-metal.app */ = {isa = PBXFileReference; explicitFileType = wrapper.application; includeInIndex = 0; path = "objc-metal.app"; sourceTree = BUILT_PRODUCTS_DIR; };
		061BD02A26260B4300D9927B /* AppDelegate.h */ = {isa = PBXFileReference; lastKnownFileType = sourcecode.c.h; path = AppDelegate.h; sourceTree = "<group>"; };
		061BD02B26260B4300D9927B /* AppDelegate.m */ = {isa = PBXFileReference; lastKnownFileType = sourcecode.c.objc; path = AppDelegate.m; sourceTree = "<group>"; };
		061BD02D26260B4300D9927B /* ViewController.h */ = {isa = PBXFileReference; lastKnownFileType = sourcecode.c.h; path = ViewController.h; sourceTree = "<group>"; };
		061BD02E26260B4300D9927B /* ViewController.m */ = {isa = PBXFileReference; lastKnownFileType = sourcecode.c.objc; path = ViewController.m; sourceTree = "<group>"; };
		061BD03026260B4500D9927B /* Assets.xcassets */ = {isa = PBXFileReference; lastKnownFileType = folder.assetcatalog; path = Assets.xcassets; sourceTree = "<group>"; };
		061BD03326260B4500D9927B /* Base */ = {isa = PBXFileReference; lastKnownFileType = file.storyboard; name = Base; path = Base.lproj/Main.storyboard; sourceTree = "<group>"; };
		061BD03526260B4500D9927B /* Info.plist */ = {isa = PBXFileReference; lastKnownFileType = text.plist.xml; path = Info.plist; sourceTree = "<group>"; };
		061BD03626260B4500D9927B /* main.m */ = {isa = PBXFileReference; lastKnownFileType = sourcecode.c.objc; path = main.m; sourceTree = "<group>"; };
		061BD03826260B4500D9927B /* objc_metal.entitlements */ = {isa = PBXFileReference; lastKnownFileType = text.plist.entitlements; path = objc_metal.entitlements; sourceTree = "<group>"; };
		061BD03F26265EBD00D9927B /* shaders.metal */ = {isa = PBXFileReference; lastKnownFileType = sourcecode.metal; path = shaders.metal; sourceTree = "<group>"; };
/* End PBXFileReference section */

/* Begin PBXFrameworksBuildPhase section */
		061BD02426260B4300D9927B /* Frameworks */ = {
			isa = PBXFrameworksBuildPhase;
			buildActionMask = 2147483647;
			files = (
			);
			runOnlyForDeploymentPostprocessing = 0;
		};
/* End PBXFrameworksBuildPhase section */

/* Begin PBXGroup section */
		061BD01E26260B4300D9927B = {
			isa = PBXGroup;
			children = (
				061BD02926260B4300D9927B /* objc-metal */,
				061BD02826260B4300D9927B /* Products */,
			);
			sourceTree = "<group>";
		};
		061BD02826260B4300D9927B /* Products */ = {
			isa = PBXGroup;
			children = (
				061BD02726260B4300D9927B /* objc-metal.app */,
			);
			name = Products;
			sourceTree = "<group>";
		};
		061BD02926260B4300D9927B /* objc-metal */ = {
			isa = PBXGroup;
			children = (
				061BD02A26260B4300D9927B /* AppDelegate.h */,
				061BD02B26260B4300D9927B /* AppDelegate.m */,
				061BD02D26260B4300D9927B /* ViewController.h */,
				061BD02E26260B4300D9927B /* ViewController.m */,
				061BD03026260B4500D9927B /* Assets.xcassets */,
				061BD03226260B4500D9927B /* Main.storyboard */,
				061BD03526260B4500D9927B /* Info.plist */,
				061BD03626260B4500D9927B /* main.m */,
				061BD03826260B4500D9927B /* objc_metal.entitlements */,
				061BD03F26265EBD00D9927B /* shaders.metal */,
			);
			path = "objc-metal";
			sourceTree = "<group>";
		};
/* End PBXGroup section */

/* Begin PBXNativeTarget section */
		061BD02626260B4300D9927B /* objc-metal */ = {
			isa = PBXNativeTarget;
			buildConfigurationList = 061BD03B26260B4500D9927B /* Build configuration list for PBXNativeTarget "objc-metal" */;
			buildPhases = (
				061BD02326260B4300D9927B /* Sources */,
				061BD02426260B4300D9927B /* Frameworks */,
				061BD02526260B4300D9927B /* Resources */,
			);
			buildRules = (
			);
			dependencies = (
			);
			name = "objc-metal";
			productName = "objc-metal";
			productReference = 061BD02726260B4300D9927B /* objc-metal.app */;
			productType = "com.apple.product-type.application";
		};
/* End PBXNativeTarget section */

/* Begin PBXProject section */
		061BD01F26260B4300D9927B /* Project object */ = {
			isa = PBXProject;
			attributes = {
				LastUpgradeCheck = 1240;
				TargetAttributes = {
					061BD02626260B4300D9927B = {
						CreatedOnToolsVersion = 12.4;
					};
				};
			};
			buildConfigurationList = 061BD02226260B4300D9927B /* Build configuration list for PBXProject "objc-metal" */;
			compatibilityVersion = "Xcode 9.3";
			developmentRegion = en;
			hasScannedForEncodings = 0;
			knownRegions = (
				en,
				Base,
			);
			mainGroup = 061BD01E26260B4300D9927B;
			productRefGroup = 061BD02826260B4300D9927B /* Products */;
			projectDirPath = "";
			projectRoot = "";
			targets = (
				061BD02626260B4300D9927B /* objc-metal */,
			);
		};
/* End PBXProject section */

/* Begin PBXResourcesBuildPhase section */
		061BD02526260B4300D9927B /* Resources */ = {
			isa = PBXResourcesBuildPhase;
			buildActionMask = 2147483647;
			files = (
				061BD03126260B4500D9927B /* Assets.xcassets in Resources */,
				061BD03426260B4500D9927B /* Main.storyboard in Resources */,
			);
			runOnlyForDeploymentPostprocessing = 0;
		};
/* End PBXResourcesBuildPhase section */

/* Begin PBXSourcesBuildPhase section */
		061BD02326260B4300D9927B /* Sources */ = {
			isa = PBXSourcesBuildPhase;
			buildActionMask = 2147483647;
			files = (
				061BD04026265EBD00D9927B /* shaders.metal in Sources */,
				061BD02F26260B4300D9927B /* ViewController.m in Sources */,
				061BD03726260B4500D9927B /* main.m in Sources */,
				061BD02C26260B4300D9927B /* AppDelegate.m in Sources */,
			);
			runOnlyForDeploymentPostprocessing = 0;
		};
/* End PBXSourcesBuildPhase section */

/* Begin PBXVariantGroup section */
		061BD03226260B4500D9927B /* Main.storyboard */ = {
			isa = PBXVariantGroup;
			children = (
				061BD03326260B4500D9927B /* Base */,
			);
			name = Main.storyboard;
			sourceTree = "<group>";
		};
/* End PBXVariantGroup section */

/* Begin XCBuildConfiguration section */
		061BD03926260B4500D9927B /* Debug */ = {
			isa = XCBuildConfiguration;
			buildSettings = {
				ALWAYS_SEARCH_USER_PATHS = NO;
				CLANG_ANALYZER_NONNULL = YES;
				CLANG_ANALYZER_NUMBER_OBJECT_CONVERSION = YES_AGGRESSIVE;
				CLANG_CXX_LANGUAGE_STANDARD = "gnu++14";
				CLANG_CXX_LIBRARY = "libc++";
				CLANG_ENABLE_MODULES = YES;
				CLANG_ENABLE_OBJC_ARC = YES;
				CLANG_ENABLE_OBJC_WEAK = YES;
				CLANG_WARN_BLOCK_CAPTURE_AUTORELEASING = YES;
				CLANG_WARN_BOOL_CONVERSION = YES;
				CLANG_WARN_COMMA = YES;
				CLANG_WARN_CONSTANT_CONVERSION = YES;
				CLANG_WARN_DEPRECATED_OBJC_IMPLEMENTATIONS = YES;
				CLANG_WARN_DIRECT_OBJC_ISA_USAGE = YES_ERROR;
				CLANG_WARN_DOCUMENTATION_COMMENTS = YES;
				CLANG_WARN_EMPTY_BODY = YES;
				CLANG_WARN_ENUM_CONVERSION = YES;
				CLANG_WARN_INFINITE_RECURSION = YES;
				CLANG_WARN_INT_CONVERSION = YES;
				CLANG_WARN_NON_LITERAL_NULL_CONVERSION = YES;
				CLANG_WARN_OBJC_IMPLICIT_RETAIN_SELF = YES;
				CLANG_WARN_OBJC_LITERAL_CONVERSION = YES;
				CLANG_WARN_OBJC_ROOT_CLASS = YES_ERROR;
				CLANG_WARN_QUOTED_INCLUDE_IN_FRAMEWORK_HEADER = YES;
				CLANG_WARN_RANGE_LOOP_ANALYSIS = YES;
				CLANG_WARN_STRICT_PROTOTYPES = YES;
				CLANG_WARN_SUSPICIOUS_MOVE = YES;
				CLANG_WARN_UNGUARDED_AVAILABILITY = YES_AGGRESSIVE;
				CLANG_WARN_UNREACHABLE_CODE = YES;
				CLANG_WARN__DUPLICATE_METHOD_MATCH = YES;
				COPY_PHASE_STRIP = NO;
				DEBUG_INFORMATION_FORMAT = dwarf;
				ENABLE_STRICT_OBJC_MSGSEND = YES;
				ENABLE_TESTABILITY = YES;
				GCC_C_LANGUAGE_STANDARD = gnu11;
				GCC_DYNAMIC_NO_PIC = NO;
				GCC_NO_COMMON_BLOCKS = YES;
				GCC_OPTIMIZATION_LEVEL = 0;
				GCC_PREPROCESSOR_DEFINITIONS = (
					"DEBUG=1",
					"$(inherited)",
				);
				GCC_WARN_64_TO_32_BIT_CONVERSION = YES;
				GCC_WARN_ABOUT_RETURN_TYPE = YES_ERROR;
				GCC_WARN_UNDECLARED_SELECTOR = YES;
				GCC_WARN_UNINITIALIZED_AUTOS = YES_AGGRESSIVE;
				GCC_WARN_UNUSED_FUNCTION = YES;
				GCC_WARN_UNUSED_VARIABLE = YES;
				MACOSX_DEPLOYMENT_TARGET = 11.1;
				MTL_ENABLE_DEBUG_INFO = INCLUDE_SOURCE;
				MTL_FAST_MATH = YES;
				ONLY_ACTIVE_ARCH = YES;
				SDKROOT = macosx;
			};
			name = Debug;
		};
		061BD03A26260B4500D9927B /* Release */ = {
			isa = XCBuildConfiguration;
			buildSettings = {
				ALWAYS_SEARCH_USER_PATHS = NO;
				CLANG_ANALYZER_NONNULL = YES;
				CLANG_ANALYZER_NUMBER_OBJECT_CONVERSION = YES_AGGRESSIVE;
				CLANG_CXX_LANGUAGE_STANDARD = "gnu++14";
				CLANG_CXX_LIBRARY = "libc++";
				CLANG_ENABLE_MODULES = YES;
				CLANG_ENABLE_OBJC_ARC = YES;
				CLANG_ENABLE_OBJC_WEAK = YES;
				CLANG_WARN_BLOCK_CAPTURE_AUTORELEASING = YES;
				CLANG_WARN_BOOL_CONVERSION = YES;
				CLANG_WARN_COMMA = YES;
				CLANG_WARN_CONSTANT_CONVERSION = YES;
				CLANG_WARN_DEPRECATED_OBJC_IMPLEMENTATIONS = YES;
				CLANG_WARN_DIRECT_OBJC_ISA_USAGE = YES_ERROR;
				CLANG_WARN_DOCUMENTATION_COMMENTS = YES;
				CLANG_WARN_EMPTY_BODY = YES;
				CLANG_WARN_ENUM_CONVERSION = YES;
				CLANG_WARN_INFINITE_RECURSION = YES;
				CLANG_WARN_INT_CONVERSION = YES;
				CLANG_WARN_NON_LITERAL_NULL_CONVERSION = YES;
				CLANG_WARN_OBJC_IMPLICIT_RETAIN_SELF = YES;
				CLANG_WARN_OBJC_LITERAL_CONVERSION = YES;
				CLANG_WARN_OBJC_ROOT_CLASS = YES_ERROR;
				CLANG_WARN_QUOTED_INCLUDE_IN_FRAMEWORK_HEADER = YES;
				CLANG_WARN_RANGE_LOOP_ANALYSIS = YES;
				CLANG_WARN_STRICT_PROTOTYPES = YES;
				CLANG_WARN_SUSPICIOUS_MOVE = YES;
				CLANG_WARN_UNGUARDED_AVAILABILITY = YES_AGGRESSIVE;
				CLANG_WARN_UNREACHABLE_CODE = YES;
				CLANG_WARN__DUPLICATE_METHOD_MATCH = YES;
				COPY_PHASE_STRIP = NO;
				DEBUG_INFORMATION_FORMAT = "dwarf-with-dsym";
				ENABLE_NS_ASSERTIONS = NO;
				ENABLE_STRICT_OBJC_MSGSEND = YES;
				GCC_C_LANGUAGE_STANDARD = gnu11;
				GCC_NO_COMMON_BLOCKS = YES;
				GCC_WARN_64_TO_32_BIT_CONVERSION = YES;
				GCC_WARN_ABOUT_RETURN_TYPE = YES_ERROR;
				GCC_WARN_UNDECLARED_SELECTOR = YES;
				GCC_WARN_UNINITIALIZED_AUTOS = YES_AGGRESSIVE;
				GCC_WARN_UNUSED_FUNCTION = YES;
				GCC_WARN_UNUSED_VARIABLE = YES;
				MACOSX_DEPLOYMENT_TARGET = 11.1;
				MTL_ENABLE_DEBUG_INFO = NO;
				MTL_FAST_MATH = YES;
				SDKROOT = macosx;
			};
			name = Release;
		};
		061BD03C26260B4500D9927B /* Debug */ = {
			isa = XCBuildConfiguration;
			buildSettings = {
				ASSETCATALOG_COMPILER_APPICON_NAME = AppIcon;
				ASSETCATALOG_COMPILER_GLOBAL_ACCENT_COLOR_NAME = AccentColor;
				CODE_SIGN_ENTITLEMENTS = "objc-metal/objc_metal.entitlements";
				CODE_SIGN_STYLE = Automatic;
				COMBINE_HIDPI_IMAGES = YES;
				INFOPLIST_FILE = "objc-metal/Info.plist";
				LD_RUNPATH_SEARCH_PATHS = (
					"$(inherited)",
					"@executable_path/../Frameworks",
				);
				PRODUCT_BUNDLE_IDENTIFIER = "me.objc-metal";
				PRODUCT_NAME = "$(TARGET_NAME)";
			};
			name = Debug;
		};
		061BD03D26260B4500D9927B /* Release */ = {
			isa = XCBuildConfiguration;
			buildSettings = {
				ASSETCATALOG_COMPILER_APPICON_NAME = AppIcon;
				ASSETCATALOG_COMPILER_GLOBAL_ACCENT_COLOR_NAME = AccentColor;
				CODE_SIGN_ENTITLEMENTS = "objc-metal/objc_metal.entitlements";
				CODE_SIGN_STYLE = Automatic;
				COMBINE_HIDPI_IMAGES = YES;
				INFOPLIST_FILE = "objc-metal/Info.plist";
				LD_RUNPATH_SEARCH_PATHS = (
					"$(inherited)",
					"@executable_path/../Frameworks",
				);
				PRODUCT_BUNDLE_IDENTIFIER = "me.objc-metal";
				PRODUCT_NAME = "$(TARGET_NAME)";
			};
			name = Release;
		};
/* End XCBuildConfiguration section */

/* Begin XCConfigurationList section */
		061BD02226260B4300D9927B /* Build configuration list for PBXProject "objc-metal" */ = {
			isa = XCConfigurationList;
			buildConfigurations = (
				061BD03926260B4500D9927B /* Debug */,
				061BD03A26260B4500D9927B /* Release */,
			);
			defaultConfigurationIsVisible = 0;
			defaultConfigurationName = Release;
		};
		061BD03B26260B4500D9927B /* Build configuration list for PBXNativeTarget "objc-metal" */ = {
			isa = XCConfigurationList;
			buildConfigurations = (
				061BD03C26260B4500D9927B /* Debug */,
				061BD03D26260B4500D9927B /* Release */,
			);
			defaultConfigurationIsVisible = 0;
			defaultConfigurationName = Release;
		};
/* End XCConfigurationList section */
	};
	rootObject = 061BD01F26260B4300D9927B /* Project object */;
}
