// !$*UTF8*$!
{
	archiveVersion = 1;
	classes = {
	};
	objectVersion = 50;
	objects = {

/* Begin PBXBuildFile section */
		06996D3526290DEB00B0F448 /* Chapter02App.swift in Sources */ = {isa = PBXBuildFile; fileRef = 06996D3426290DEB00B0F448 /* Chapter02App.swift */; };
		06996D3726290DEB00B0F448 /* ContentView.swift in Sources */ = {isa = PBXBuildFile; fileRef = 06996D3626290DEB00B0F448 /* ContentView.swift */; };
		06996D3926290DED00B0F448 /* Assets.xcassets in Resources */ = {isa = PBXBuildFile; fileRef = 06996D3826290DED00B0F448 /* Assets.xcassets */; };
		06996D3C26290DED00B0F448 /* Preview Assets.xcassets in Resources */ = {isa = PBXBuildFile; fileRef = 06996D3B26290DED00B0F448 /* Preview Assets.xcassets */; };
		06996D4626290E5300B0F448 /* MetalView.swift in Sources */ = {isa = PBXBuildFile; fileRef = 06996D4526290E5300B0F448 /* MetalView.swift */; };
		06996D4926291D7600B0F448 /* shaders.metal in Sources */ = {isa = PBXBuildFile; fileRef = 06996D4826291D7600B0F448 /* shaders.metal */; };
/* End PBXBuildFile section */

/* Begin PBXFileReference section */
		06996D3126290DEB00B0F448 /* Chapter02.app */ = {isa = PBXFileReference; explicitFileType = wrapper.application; includeInIndex = 0; path = Chapter02.app; sourceTree = BUILT_PRODUCTS_DIR; };
		06996D3426290DEB00B0F448 /* Chapter02App.swift */ = {isa = PBXFileReference; lastKnownFileType = sourcecode.swift; path = Chapter02App.swift; sourceTree = "<group>"; };
		06996D3626290DEB00B0F448 /* ContentView.swift */ = {isa = PBXFileReference; lastKnownFileType = sourcecode.swift; path = ContentView.swift; sourceTree = "<group>"; };
		06996D3826290DED00B0F448 /* Assets.xcassets */ = {isa = PBXFileReference; lastKnownFileType = folder.assetcatalog; path = Assets.xcassets; sourceTree = "<group>"; };
		06996D3B26290DED00B0F448 /* Preview Assets.xcassets */ = {isa = PBXFileReference; lastKnownFileType = folder.assetcatalog; path = "Preview Assets.xcassets"; sourceTree = "<group>"; };
		06996D3D26290DED00B0F448 /* Info.plist */ = {isa = PBXFileReference; lastKnownFileType = text.plist.xml; path = Info.plist; sourceTree = "<group>"; };
		06996D3E26290DED00B0F448 /* Chapter02.entitlements */ = {isa = PBXFileReference; lastKnownFileType = text.plist.entitlements; path = Chapter02.entitlements; sourceTree = "<group>"; };
		06996D4526290E5300B0F448 /* MetalView.swift */ = {isa = PBXFileReference; lastKnownFileType = sourcecode.swift; path = MetalView.swift; sourceTree = "<group>"; };
		06996D4826291D7600B0F448 /* shaders.metal */ = {isa = PBXFileReference; lastKnownFileType = sourcecode.metal; path = shaders.metal; sourceTree = "<group>"; };
/* End PBXFileReference section */

/* Begin PBXFrameworksBuildPhase section */
		06996D2E26290DEB00B0F448 /* Frameworks */ = {
			isa = PBXFrameworksBuildPhase;
			buildActionMask = 2147483647;
			files = (
			);
			runOnlyForDeploymentPostprocessing = 0;
		};
/* End PBXFrameworksBuildPhase section */

/* Begin PBXGroup section */
		06996D2826290DEB00B0F448 = {
			isa = PBXGroup;
			children = (
				06996D3326290DEB00B0F448 /* Chapter02 */,
				06996D3226290DEB00B0F448 /* Products */,
			);
			sourceTree = "<group>";
		};
		06996D3226290DEB00B0F448 /* Products */ = {
			isa = PBXGroup;
			children = (
				06996D3126290DEB00B0F448 /* Chapter02.app */,
			);
			name = Products;
			sourceTree = "<group>";
		};
		06996D3326290DEB00B0F448 /* Chapter02 */ = {
			isa = PBXGroup;
			children = (
				06996D3426290DEB00B0F448 /* Chapter02App.swift */,
				06996D3626290DEB00B0F448 /* ContentView.swift */,
				06996D4526290E5300B0F448 /* MetalView.swift */,
				06996D4826291D7600B0F448 /* shaders.metal */,
				06996D3826290DED00B0F448 /* Assets.xcassets */,
				06996D3D26290DED00B0F448 /* Info.plist */,
				06996D3E26290DED00B0F448 /* Chapter02.entitlements */,
				06996D3A26290DED00B0F448 /* Preview Content */,
			);
			path = Chapter02;
			sourceTree = "<group>";
		};
		06996D3A26290DED00B0F448 /* Preview Content */ = {
			isa = PBXGroup;
			children = (
				06996D3B26290DED00B0F448 /* Preview Assets.xcassets */,
			);
			path = "Preview Content";
			sourceTree = "<group>";
		};
/* End PBXGroup section */

/* Begin PBXNativeTarget section */
		06996D3026290DEB00B0F448 /* Chapter02 */ = {
			isa = PBXNativeTarget;
			buildConfigurationList = 06996D4126290DED00B0F448 /* Build configuration list for PBXNativeTarget "Chapter02" */;
			buildPhases = (
				06996D2D26290DEB00B0F448 /* Sources */,
				06996D2E26290DEB00B0F448 /* Frameworks */,
				06996D2F26290DEB00B0F448 /* Resources */,
			);
			buildRules = (
			);
			dependencies = (
			);
			name = Chapter02;
			productName = Chapter02;
			productReference = 06996D3126290DEB00B0F448 /* Chapter02.app */;
			productType = "com.apple.product-type.application";
		};
/* End PBXNativeTarget section */

/* Begin PBXProject section */
		06996D2926290DEB00B0F448 /* Project object */ = {
			isa = PBXProject;
			attributes = {
				LastSwiftUpdateCheck = 1240;
				LastUpgradeCheck = 1240;
				TargetAttributes = {
					06996D3026290DEB00B0F448 = {
						CreatedOnToolsVersion = 12.4;
					};
				};
			};
			buildConfigurationList = 06996D2C26290DEB00B0F448 /* Build configuration list for PBXProject "Chapter02" */;
			compatibilityVersion = "Xcode 9.3";
			developmentRegion = en;
			hasScannedForEncodings = 0;
			knownRegions = (
				en,
				Base,
			);
			mainGroup = 06996D2826290DEB00B0F448;
			productRefGroup = 06996D3226290DEB00B0F448 /* Products */;
			projectDirPath = "";
			projectRoot = "";
			targets = (
				06996D3026290DEB00B0F448 /* Chapter02 */,
			);
		};
/* End PBXProject section */

/* Begin PBXResourcesBuildPhase section */
		06996D2F26290DEB00B0F448 /* Resources */ = {
			isa = PBXResourcesBuildPhase;
			buildActionMask = 2147483647;
			files = (
				06996D3C26290DED00B0F448 /* Preview Assets.xcassets in Resources */,
				06996D3926290DED00B0F448 /* Assets.xcassets in Resources */,
			);
			runOnlyForDeploymentPostprocessing = 0;
		};
/* End PBXResourcesBuildPhase section */

/* Begin PBXSourcesBuildPhase section */
		06996D2D26290DEB00B0F448 /* Sources */ = {
			isa = PBXSourcesBuildPhase;
			buildActionMask = 2147483647;
			files = (
				06996D4926291D7600B0F448 /* shaders.metal in Sources */,
				06996D4626290E5300B0F448 /* MetalView.swift in Sources */,
				06996D3726290DEB00B0F448 /* ContentView.swift in Sources */,
				06996D3526290DEB00B0F448 /* Chapter02App.swift in Sources */,
			);
			runOnlyForDeploymentPostprocessing = 0;
		};
/* End PBXSourcesBuildPhase section */

/* Begin XCBuildConfiguration section */
		06996D3F26290DED00B0F448 /* Debug */ = {
			isa = XCBuildConfiguration;
			buildSettings = {
				ALWAYS_SEARCH_USER_PATHS = NO;
				CLANG_ANALYZER_NONNULL = YES;
				CLANG_ANALYZER_NUMBER_OBJECT_CONVERSION = YES_AGGRESSIVE;
				CLANG_CXX_LANGUAGE_STANDARD = "gnu++14";
				CLANG_CXX_LIBRARY = "libc++";
				CLANG_ENABLE_MODULES = YES;
				CLANG_ENABLE_OBJC_ARC = YES;
				CLANG_ENABLE_OBJC_WEAK = YES;
				CLANG_WARN_BLOCK_CAPTURE_AUTORELEASING = YES;
				CLANG_WARN_BOOL_CONVERSION = YES;
				CLANG_WARN_COMMA = YES;
				CLANG_WARN_CONSTANT_CONVERSION = YES;
				CLANG_WARN_DEPRECATED_OBJC_IMPLEMENTATIONS = YES;
				CLANG_WARN_DIRECT_OBJC_ISA_USAGE = YES_ERROR;
				CLANG_WARN_DOCUMENTATION_COMMENTS = YES;
				CLANG_WARN_EMPTY_BODY = YES;
				CLANG_WARN_ENUM_CONVERSION = YES;
				CLANG_WARN_INFINITE_RECURSION = YES;
				CLANG_WARN_INT_CONVERSION = YES;
				CLANG_WARN_NON_LITERAL_NULL_CONVERSION = YES;
				CLANG_WARN_OBJC_IMPLICIT_RETAIN_SELF = YES;
				CLANG_WARN_OBJC_LITERAL_CONVERSION = YES;
				CLANG_WARN_OBJC_ROOT_CLASS = YES_ERROR;
				CLANG_WARN_QUOTED_INCLUDE_IN_FRAMEWORK_HEADER = YES;
				CLANG_WARN_RANGE_LOOP_ANALYSIS = YES;
				CLANG_WARN_STRICT_PROTOTYPES = YES;
				CLANG_WARN_SUSPICIOUS_MOVE = YES;
				CLANG_WARN_UNGUARDED_AVAILABILITY = YES_AGGRESSIVE;
				CLANG_WARN_UNREACHABLE_CODE = YES;
				CLANG_WARN__DUPLICATE_METHOD_MATCH = YES;
				COPY_PHASE_STRIP = NO;
				DEBUG_INFORMATION_FORMAT = dwarf;
				ENABLE_STRICT_OBJC_MSGSEND = YES;
				ENABLE_TESTABILITY = YES;
				GCC_C_LANGUAGE_STANDARD = gnu11;
				GCC_DYNAMIC_NO_PIC = NO;
				GCC_NO_COMMON_BLOCKS = YES;
				GCC_OPTIMIZATION_LEVEL = 0;
				GCC_PREPROCESSOR_DEFINITIONS = (
					"DEBUG=1",
					"$(inherited)",
				);
				GCC_WARN_64_TO_32_BIT_CONVERSION = YES;
				GCC_WARN_ABOUT_RETURN_TYPE = YES_ERROR;
				GCC_WARN_UNDECLARED_SELECTOR = YES;
				GCC_WARN_UNINITIALIZED_AUTOS = YES_AGGRESSIVE;
				GCC_WARN_UNUSED_FUNCTION = YES;
				GCC_WARN_UNUSED_VARIABLE = YES;
				MACOSX_DEPLOYMENT_TARGET = 11.1;
				MTL_ENABLE_DEBUG_INFO = INCLUDE_SOURCE;
				MTL_FAST_MATH = YES;
				ONLY_ACTIVE_ARCH = YES;
				SDKROOT = macosx;
				SWIFT_ACTIVE_COMPILATION_CONDITIONS = DEBUG;
				SWIFT_OPTIMIZATION_LEVEL = "-Onone";
			};
			name = Debug;
		};
		06996D4026290DED00B0F448 /* Release */ = {
			isa = XCBuildConfiguration;
			buildSettings = {
				ALWAYS_SEARCH_USER_PATHS = NO;
				CLANG_ANALYZER_NONNULL = YES;
				CLANG_ANALYZER_NUMBER_OBJECT_CONVERSION = YES_AGGRESSIVE;
				CLANG_CXX_LANGUAGE_STANDARD = "gnu++14";
				CLANG_CXX_LIBRARY = "libc++";
				CLANG_ENABLE_MODULES = YES;
				CLANG_ENABLE_OBJC_ARC = YES;
				CLANG_ENABLE_OBJC_WEAK = YES;
				CLANG_WARN_BLOCK_CAPTURE_AUTORELEASING = YES;
				CLANG_WARN_BOOL_CONVERSION = YES;
				CLANG_WARN_COMMA = YES;
				CLANG_WARN_CONSTANT_CONVERSION = YES;
				CLANG_WARN_DEPRECATED_OBJC_IMPLEMENTATIONS = YES;
				CLANG_WARN_DIRECT_OBJC_ISA_USAGE = YES_ERROR;
				CLANG_WARN_DOCUMENTATION_COMMENTS = YES;
				CLANG_WARN_EMPTY_BODY = YES;
				CLANG_WARN_ENUM_CONVERSION = YES;
				CLANG_WARN_INFINITE_RECURSION = YES;
				CLANG_WARN_INT_CONVERSION = YES;
				CLANG_WARN_NON_LITERAL_NULL_CONVERSION = YES;
				CLANG_WARN_OBJC_IMPLICIT_RETAIN_SELF = YES;
				CLANG_WARN_OBJC_LITERAL_CONVERSION = YES;
				CLANG_WARN_OBJC_ROOT_CLASS = YES_ERROR;
				CLANG_WARN_QUOTED_INCLUDE_IN_FRAMEWORK_HEADER = YES;
				CLANG_WARN_RANGE_LOOP_ANALYSIS = YES;
				CLANG_WARN_STRICT_PROTOTYPES = YES;
				CLANG_WARN_SUSPICIOUS_MOVE = YES;
				CLANG_WARN_UNGUARDED_AVAILABILITY = YES_AGGRESSIVE;
				CLANG_WARN_UNREACHABLE_CODE = YES;
				CLANG_WARN__DUPLICATE_METHOD_MATCH = YES;
				COPY_PHASE_STRIP = NO;
				DEBUG_INFORMATION_FORMAT = "dwarf-with-dsym";
				ENABLE_NS_ASSERTIONS = NO;
				ENABLE_STRICT_OBJC_MSGSEND = YES;
				GCC_C_LANGUAGE_STANDARD = gnu11;
				GCC_NO_COMMON_BLOCKS = YES;
				GCC_WARN_64_TO_32_BIT_CONVERSION = YES;
				GCC_WARN_ABOUT_RETURN_TYPE = YES_ERROR;
				GCC_WARN_UNDECLARED_SELECTOR = YES;
				GCC_WARN_UNINITIALIZED_AUTOS = YES_AGGRESSIVE;
				GCC_WARN_UNUSED_FUNCTION = YES;
				GCC_WARN_UNUSED_VARIABLE = YES;
				MACOSX_DEPLOYMENT_TARGET = 11.1;
				MTL_ENABLE_DEBUG_INFO = NO;
				MTL_FAST_MATH = YES;
				SDKROOT = macosx;
				SWIFT_COMPILATION_MODE = wholemodule;
				SWIFT_OPTIMIZATION_LEVEL = "-O";
			};
			name = Release;
		};
		06996D4226290DED00B0F448 /* Debug */ = {
			isa = XCBuildConfiguration;
			buildSettings = {
				ASSETCATALOG_COMPILER_APPICON_NAME = AppIcon;
				ASSETCATALOG_COMPILER_GLOBAL_ACCENT_COLOR_NAME = AccentColor;
				CODE_SIGN_ENTITLEMENTS = Chapter02/Chapter02.entitlements;
				CODE_SIGN_STYLE = Automatic;
				COMBINE_HIDPI_IMAGES = YES;
				DEVELOPMENT_ASSET_PATHS = "\"Chapter02/Preview Content\"";
				DEVELOPMENT_TEAM = 3M7VMBAYZ4;
				ENABLE_HARDENED_RUNTIME = YES;
				ENABLE_PREVIEWS = YES;
				INFOPLIST_FILE = Chapter02/Info.plist;
				LD_RUNPATH_SEARCH_PATHS = (
					"$(inherited)",
					"@executable_path/../Frameworks",
				);
				MACOSX_DEPLOYMENT_TARGET = 11.0;
				PRODUCT_BUNDLE_IDENTIFIER = me.Chapter02;
				PRODUCT_NAME = "$(TARGET_NAME)";
				SWIFT_VERSION = 5.0;
			};
			name = Debug;
		};
		06996D4326290DED00B0F448 /* Release */ = {
			isa = XCBuildConfiguration;
			buildSettings = {
				ASSETCATALOG_COMPILER_APPICON_NAME = AppIcon;
				ASSETCATALOG_COMPILER_GLOBAL_ACCENT_COLOR_NAME = AccentColor;
				CODE_SIGN_ENTITLEMENTS = Chapter02/Chapter02.entitlements;
				CODE_SIGN_STYLE = Automatic;
				COMBINE_HIDPI_IMAGES = YES;
				DEVELOPMENT_ASSET_PATHS = "\"Chapter02/Preview Content\"";
				DEVELOPMENT_TEAM = 3M7VMBAYZ4;
				ENABLE_HARDENED_RUNTIME = YES;
				ENABLE_PREVIEWS = YES;
				INFOPLIST_FILE = Chapter02/Info.plist;
				LD_RUNPATH_SEARCH_PATHS = (
					"$(inherited)",
					"@executable_path/../Frameworks",
				);
				MACOSX_DEPLOYMENT_TARGET = 11.0;
				PRODUCT_BUNDLE_IDENTIFIER = me.Chapter02;
				PRODUCT_NAME = "$(TARGET_NAME)";
				SWIFT_VERSION = 5.0;
			};
			name = Release;
		};
/* End XCBuildConfiguration section */

/* Begin XCConfigurationList section */
		06996D2C26290DEB00B0F448 /* Build configuration list for PBXProject "Chapter02" */ = {
			isa = XCConfigurationList;
			buildConfigurations = (
				06996D3F26290DED00B0F448 /* Debug */,
				06996D4026290DED00B0F448 /* Release */,
			);
			defaultConfigurationIsVisible = 0;
			defaultConfigurationName = Release;
		};
		06996D4126290DED00B0F448 /* Build configuration list for PBXNativeTarget "Chapter02" */ = {
			isa = XCConfigurationList;
			buildConfigurations = (
				06996D4226290DED00B0F448 /* Debug */,
				06996D4326290DED00B0F448 /* Release */,
			);
			defaultConfigurationIsVisible = 0;
			defaultConfigurationName = Release;
		};
/* End XCConfigurationList section */
	};
	rootObject = 06996D2926290DEB00B0F448 /* Project object */;
}
